// !$*UTF8*$!
{
	archiveVersion = 1;
	classes = {
	};
	objectVersion = 56;
	objects = {

/* Begin PBXBuildFile section */
		FC30E3792A73A52600ADB894 /* AppDelegate.swift in Sources */ = {isa = PBXBuildFile; fileRef = FC30E3782A73A52600ADB894 /* AppDelegate.swift */; };
		FC30E37B2A73A52600ADB894 /* ViewController.swift in Sources */ = {isa = PBXBuildFile; fileRef = FC30E37A2A73A52600ADB894 /* ViewController.swift */; };
		FC30E37D2A73A52600ADB894 /* Experience.rcproject in Sources */ = {isa = PBXBuildFile; fileRef = FC30E37C2A73A52600ADB894 /* Experience.rcproject */; };
		FC30E3802A73A52600ADB894 /* Main.storyboard in Resources */ = {isa = PBXBuildFile; fileRef = FC30E37E2A73A52600ADB894 /* Main.storyboard */; };
		FC30E3822A73A52700ADB894 /* Assets.xcassets in Resources */ = {isa = PBXBuildFile; fileRef = FC30E3812A73A52700ADB894 /* Assets.xcassets */; };
		FC30E3852A73A52700ADB894 /* LaunchScreen.storyboard in Resources */ = {isa = PBXBuildFile; fileRef = FC30E3832A73A52700ADB894 /* LaunchScreen.storyboard */; };
		FC30E38C2A73A7AF00ADB894 /* LaserRed.reality in Resources */ = {isa = PBXBuildFile; fileRef = FC30E38B2A73A7AF00ADB894 /* LaserRed.reality */; };
		FC30E38F2A73B35200ADB894 /* MultipeerSession in Frameworks */ = {isa = PBXBuildFile; productRef = FC30E38E2A73B35200ADB894 /* MultipeerSession */; };
/* End PBXBuildFile section */

/* Begin PBXFileReference section */
		FC30E3752A73A52600ADB894 /* MultipeerARGame.app */ = {isa = PBXFileReference; explicitFileType = wrapper.application; includeInIndex = 0; path = MultipeerARGame.app; sourceTree = BUILT_PRODUCTS_DIR; };
		FC30E3782A73A52600ADB894 /* AppDelegate.swift */ = {isa = PBXFileReference; lastKnownFileType = sourcecode.swift; path = AppDelegate.swift; sourceTree = "<group>"; };
		FC30E37A2A73A52600ADB894 /* ViewController.swift */ = {isa = PBXFileReference; lastKnownFileType = sourcecode.swift; path = ViewController.swift; sourceTree = "<group>"; };
		FC30E37C2A73A52600ADB894 /* Experience.rcproject */ = {isa = PBXFileReference; lastKnownFileType = file.rcproject; path = Experience.rcproject; sourceTree = "<group>"; };
		FC30E37F2A73A52600ADB894 /* Base */ = {isa = PBXFileReference; lastKnownFileType = file.storyboard; name = Base; path = Base.lproj/Main.storyboard; sourceTree = "<group>"; };
		FC30E3812A73A52700ADB894 /* Assets.xcassets */ = {isa = PBXFileReference; lastKnownFileType = folder.assetcatalog; path = Assets.xcassets; sourceTree = "<group>"; };
		FC30E3842A73A52700ADB894 /* Base */ = {isa = PBXFileReference; lastKnownFileType = file.storyboard; name = Base; path = Base.lproj/LaunchScreen.storyboard; sourceTree = "<group>"; };
		FC30E38B2A73A7AF00ADB894 /* LaserRed.reality */ = {isa = PBXFileReference; lastKnownFileType = file; name = LaserRed.reality; path = ../../../../LaserRed.reality; sourceTree = "<group>"; };
		FC8C81AF2A77AD67002C8CAF /* Info.plist */ = {isa = PBXFileReference; lastKnownFileType = text.plist; path = Info.plist; sourceTree = "<group>"; };
/* End PBXFileReference section */

/* Begin PBXFrameworksBuildPhase section */
		FC30E3722A73A52600ADB894 /* Frameworks */ = {
			isa = PBXFrameworksBuildPhase;
			buildActionMask = 2147483647;
			files = (
				FC30E38F2A73B35200ADB894 /* MultipeerSession in Frameworks */,
			);
			runOnlyForDeploymentPostprocessing = 0;
		};
/* End PBXFrameworksBuildPhase section */

/* Begin PBXGroup section */
		FC30E36C2A73A52600ADB894 = {
			isa = PBXGroup;
			children = (
				FC30E3772A73A52600ADB894 /* MultipeerARGame */,
				FC30E3762A73A52600ADB894 /* Products */,
			);
			sourceTree = "<group>";
		};
		FC30E3762A73A52600ADB894 /* Products */ = {
			isa = PBXGroup;
			children = (
				FC30E3752A73A52600ADB894 /* MultipeerARGame.app */,
			);
			name = Products;
			sourceTree = "<group>";
		};
		FC30E3772A73A52600ADB894 /* MultipeerARGame */ = {
			isa = PBXGroup;
			children = (
				FC8C81AF2A77AD67002C8CAF /* Info.plist */,
				FC30E3782A73A52600ADB894 /* AppDelegate.swift */,
				FC30E37A2A73A52600ADB894 /* ViewController.swift */,
				FC30E38B2A73A7AF00ADB894 /* LaserRed.reality */,
				FC30E37C2A73A52600ADB894 /* Experience.rcproject */,
				FC30E37E2A73A52600ADB894 /* Main.storyboard */,
				FC30E3812A73A52700ADB894 /* Assets.xcassets */,
				FC30E3832A73A52700ADB894 /* LaunchScreen.storyboard */,
			);
			path = MultipeerARGame;
			sourceTree = "<group>";
		};
/* End PBXGroup section */

/* Begin PBXNativeTarget section */
		FC30E3742A73A52600ADB894 /* MultipeerARGame */ = {
			isa = PBXNativeTarget;
			buildConfigurationList = FC30E3882A73A52700ADB894 /* Build configuration list for PBXNativeTarget "MultipeerARGame" */;
			buildPhases = (
				FC30E3712A73A52600ADB894 /* Sources */,
				FC30E3722A73A52600ADB894 /* Frameworks */,
				FC30E3732A73A52600ADB894 /* Resources */,
			);
			buildRules = (
			);
			dependencies = (
			);
			name = MultipeerARGame;
			packageProductDependencies = (
				FC30E38E2A73B35200ADB894 /* MultipeerSession */,
			);
			productName = MultipeerARGame;
			productReference = FC30E3752A73A52600ADB894 /* MultipeerARGame.app */;
			productType = "com.apple.product-type.application";
		};
/* End PBXNativeTarget section */

/* Begin PBXProject section */
		FC30E36D2A73A52600ADB894 /* Project object */ = {
			isa = PBXProject;
			attributes = {
				BuildIndependentTargetsInParallel = 1;
				LastSwiftUpdateCheck = 1430;
				LastUpgradeCheck = 1430;
				TargetAttributes = {
					FC30E3742A73A52600ADB894 = {
						CreatedOnToolsVersion = 14.3.1;
					};
				};
			};
			buildConfigurationList = FC30E3702A73A52600ADB894 /* Build configuration list for PBXProject "MultipeerARGame" */;
			compatibilityVersion = "Xcode 14.0";
			developmentRegion = en;
			hasScannedForEncodings = 0;
			knownRegions = (
				en,
				Base,
			);
			mainGroup = FC30E36C2A73A52600ADB894;
			packageReferences = (
				FC30E38D2A73B35200ADB894 /* XCRemoteSwiftPackageReference "multipeer-session" */,
			);
			productRefGroup = FC30E3762A73A52600ADB894 /* Products */;
			projectDirPath = "";
			projectRoot = "";
			targets = (
				FC30E3742A73A52600ADB894 /* MultipeerARGame */,
			);
		};
/* End PBXProject section */

/* Begin PBXResourcesBuildPhase section */
		FC30E3732A73A52600ADB894 /* Resources */ = {
			isa = PBXResourcesBuildPhase;
			buildActionMask = 2147483647;
			files = (
				FC30E3852A73A52700ADB894 /* LaunchScreen.storyboard in Resources */,
				FC30E3822A73A52700ADB894 /* Assets.xcassets in Resources */,
				FC30E38C2A73A7AF00ADB894 /* LaserRed.reality in Resources */,
				FC30E3802A73A52600ADB894 /* Main.storyboard in Resources */,
			);
			runOnlyForDeploymentPostprocessing = 0;
		};
/* End PBXResourcesBuildPhase section */

/* Begin PBXSourcesBuildPhase section */
		FC30E3712A73A52600ADB894 /* Sources */ = {
			isa = PBXSourcesBuildPhase;
			buildActionMask = 2147483647;
			files = (
				FC30E37B2A73A52600ADB894 /* ViewController.swift in Sources */,
				FC30E3792A73A52600ADB894 /* AppDelegate.swift in Sources */,
				FC30E37D2A73A52600ADB894 /* Experience.rcproject in Sources */,
			);
			runOnlyForDeploymentPostprocessing = 0;
		};
/* End PBXSourcesBuildPhase section */

/* Begin PBXVariantGroup section */
		FC30E37E2A73A52600ADB894 /* Main.storyboard */ = {
			isa = PBXVariantGroup;
			children = (
				FC30E37F2A73A52600ADB894 /* Base */,
			);
			name = Main.storyboard;
			sourceTree = "<group>";
		};
		FC30E3832A73A52700ADB894 /* LaunchScreen.storyboard */ = {
			isa = PBXVariantGroup;
			children = (
				FC30E3842A73A52700ADB894 /* Base */,
			);
			name = LaunchScreen.storyboard;
			sourceTree = "<group>";
		};
/* End PBXVariantGroup section */

/* Begin XCBuildConfiguration section */
		FC30E3862A73A52700ADB894 /* Debug */ = {
			isa = XCBuildConfiguration;
			buildSettings = {
				ALWAYS_SEARCH_USER_PATHS = NO;
				CLANG_ANALYZER_NONNULL = YES;
				CLANG_ANALYZER_NUMBER_OBJECT_CONVERSION = YES_AGGRESSIVE;
				CLANG_CXX_LANGUAGE_STANDARD = "gnu++20";
				CLANG_ENABLE_MODULES = YES;
				CLANG_ENABLE_OBJC_ARC = YES;
				CLANG_ENABLE_OBJC_WEAK = YES;
				CLANG_WARN_BLOCK_CAPTURE_AUTORELEASING = YES;
				CLANG_WARN_BOOL_CONVERSION = YES;
				CLANG_WARN_COMMA = YES;
				CLANG_WARN_CONSTANT_CONVERSION = YES;
				CLANG_WARN_DEPRECATED_OBJC_IMPLEMENTATIONS = YES;
				CLANG_WARN_DIRECT_OBJC_ISA_USAGE = YES_ERROR;
				CLANG_WARN_DOCUMENTATION_COMMENTS = YES;
				CLANG_WARN_EMPTY_BODY = YES;
				CLANG_WARN_ENUM_CONVERSION = YES;
				CLANG_WARN_INFINITE_RECURSION = YES;
				CLANG_WARN_INT_CONVERSION = YES;
				CLANG_WARN_NON_LITERAL_NULL_CONVERSION = YES;
				CLANG_WARN_OBJC_IMPLICIT_RETAIN_SELF = YES;
				CLANG_WARN_OBJC_LITERAL_CONVERSION = YES;
				CLANG_WARN_OBJC_ROOT_CLASS = YES_ERROR;
				CLANG_WARN_QUOTED_INCLUDE_IN_FRAMEWORK_HEADER = YES;
				CLANG_WARN_RANGE_LOOP_ANALYSIS = YES;
				CLANG_WARN_STRICT_PROTOTYPES = YES;
				CLANG_WARN_SUSPICIOUS_MOVE = YES;
				CLANG_WARN_UNGUARDED_AVAILABILITY = YES_AGGRESSIVE;
				CLANG_WARN_UNREACHABLE_CODE = YES;
				CLANG_WARN__DUPLICATE_METHOD_MATCH = YES;
				COPY_PHASE_STRIP = NO;
				DEBUG_INFORMATION_FORMAT = dwarf;
				ENABLE_STRICT_OBJC_MSGSEND = YES;
				ENABLE_TESTABILITY = YES;
				GCC_C_LANGUAGE_STANDARD = gnu11;
				GCC_DYNAMIC_NO_PIC = NO;
				GCC_NO_COMMON_BLOCKS = YES;
				GCC_OPTIMIZATION_LEVEL = 0;
				GCC_PREPROCESSOR_DEFINITIONS = (
					"DEBUG=1",
					"$(inherited)",
				);
				GCC_WARN_64_TO_32_BIT_CONVERSION = YES;
				GCC_WARN_ABOUT_RETURN_TYPE = YES_ERROR;
				GCC_WARN_UNDECLARED_SELECTOR = YES;
				GCC_WARN_UNINITIALIZED_AUTOS = YES_AGGRESSIVE;
				GCC_WARN_UNUSED_FUNCTION = YES;
				GCC_WARN_UNUSED_VARIABLE = YES;
				IPHONEOS_DEPLOYMENT_TARGET = 16.4;
				MTL_ENABLE_DEBUG_INFO = INCLUDE_SOURCE;
				MTL_FAST_MATH = YES;
				ONLY_ACTIVE_ARCH = YES;
				SDKROOT = iphoneos;
				SWIFT_ACTIVE_COMPILATION_CONDITIONS = DEBUG;
				SWIFT_OPTIMIZATION_LEVEL = "-Onone";
			};
			name = Debug;
		};
		FC30E3872A73A52700ADB894 /* Release */ = {
			isa = XCBuildConfiguration;
			buildSettings = {
				ALWAYS_SEARCH_USER_PATHS = NO;
				CLANG_ANALYZER_NONNULL = YES;
				CLANG_ANALYZER_NUMBER_OBJECT_CONVERSION = YES_AGGRESSIVE;
				CLANG_CXX_LANGUAGE_STANDARD = "gnu++20";
				CLANG_ENABLE_MODULES = YES;
				CLANG_ENABLE_OBJC_ARC = YES;
				CLANG_ENABLE_OBJC_WEAK = YES;
				CLANG_WARN_BLOCK_CAPTURE_AUTORELEASING = YES;
				CLANG_WARN_BOOL_CONVERSION = YES;
				CLANG_WARN_COMMA = YES;
				CLANG_WARN_CONSTANT_CONVERSION = YES;
				CLANG_WARN_DEPRECATED_OBJC_IMPLEMENTATIONS = YES;
				CLANG_WARN_DIRECT_OBJC_ISA_USAGE = YES_ERROR;
				CLANG_WARN_DOCUMENTATION_COMMENTS = YES;
				CLANG_WARN_EMPTY_BODY = YES;
				CLANG_WARN_ENUM_CONVERSION = YES;
				CLANG_WARN_INFINITE_RECURSION = YES;
				CLANG_WARN_INT_CONVERSION = YES;
				CLANG_WARN_NON_LITERAL_NULL_CONVERSION = YES;
				CLANG_WARN_OBJC_IMPLICIT_RETAIN_SELF = YES;
				CLANG_WARN_OBJC_LITERAL_CONVERSION = YES;
				CLANG_WARN_OBJC_ROOT_CLASS = YES_ERROR;
				CLANG_WARN_QUOTED_INCLUDE_IN_FRAMEWORK_HEADER = YES;
				CLANG_WARN_RANGE_LOOP_ANALYSIS = YES;
				CLANG_WARN_STRICT_PROTOTYPES = YES;
				CLANG_WARN_SUSPICIOUS_MOVE = YES;
				CLANG_WARN_UNGUARDED_AVAILABILITY = YES_AGGRESSIVE;
				CLANG_WARN_UNREACHABLE_CODE = YES;
				CLANG_WARN__DUPLICATE_METHOD_MATCH = YES;
				COPY_PHASE_STRIP = NO;
				DEBUG_INFORMATION_FORMAT = "dwarf-with-dsym";
				ENABLE_NS_ASSERTIONS = NO;
				ENABLE_STRICT_OBJC_MSGSEND = YES;
				GCC_C_LANGUAGE_STANDARD = gnu11;
				GCC_NO_COMMON_BLOCKS = YES;
				GCC_WARN_64_TO_32_BIT_CONVERSION = YES;
				GCC_WARN_ABOUT_RETURN_TYPE = YES_ERROR;
				GCC_WARN_UNDECLARED_SELECTOR = YES;
				GCC_WARN_UNINITIALIZED_AUTOS = YES_AGGRESSIVE;
				GCC_WARN_UNUSED_FUNCTION = YES;
				GCC_WARN_UNUSED_VARIABLE = YES;
				IPHONEOS_DEPLOYMENT_TARGET = 16.4;
				MTL_ENABLE_DEBUG_INFO = NO;
				MTL_FAST_MATH = YES;
				SDKROOT = iphoneos;
				SWIFT_COMPILATION_MODE = wholemodule;
				SWIFT_OPTIMIZATION_LEVEL = "-O";
				VALIDATE_PRODUCT = YES;
			};
			name = Release;
		};
		FC30E3892A73A52700ADB894 /* Debug */ = {
			isa = XCBuildConfiguration;
			buildSettings = {
				ASSETCATALOG_COMPILER_APPICON_NAME = AppIcon;
				ASSETCATALOG_COMPILER_GLOBAL_ACCENT_COLOR_NAME = AccentColor;
				CODE_SIGN_STYLE = Automatic;
				CURRENT_PROJECT_VERSION = 1;
				DEVELOPMENT_TEAM = X936JFD293;
				GENERATE_INFOPLIST_FILE = YES;
				INFOPLIST_FILE = MultipeerARGame/Info.plist;
				INFOPLIST_KEY_NSCameraUsageDescription = "";
				INFOPLIST_KEY_NSLocalNetworkUsageDescription = "";
				INFOPLIST_KEY_UIApplicationSupportsIndirectInputEvents = YES;
				INFOPLIST_KEY_UILaunchStoryboardName = LaunchScreen;
				INFOPLIST_KEY_UIMainStoryboardFile = Main;
				INFOPLIST_KEY_UIRequiredDeviceCapabilities = arkit;
				INFOPLIST_KEY_UIStatusBarHidden = YES;
				INFOPLIST_KEY_UISupportedInterfaceOrientations_iPad = "UIInterfaceOrientationPortrait UIInterfaceOrientationPortraitUpsideDown UIInterfaceOrientationLandscapeLeft UIInterfaceOrientationLandscapeRight";
				INFOPLIST_KEY_UISupportedInterfaceOrientations_iPhone = "UIInterfaceOrientationPortrait UIInterfaceOrientationLandscapeLeft UIInterfaceOrientationLandscapeRight";
				LD_RUNPATH_SEARCH_PATHS = (
					"$(inherited)",
					"@executable_path/Frameworks",
				);
				MARKETING_VERSION = 1.0;
				PRODUCT_BUNDLE_IDENTIFIER = Michael.MultipeerARGame;
				PRODUCT_NAME = "$(TARGET_NAME)";
				SWIFT_EMIT_LOC_STRINGS = YES;
				SWIFT_VERSION = 5.0;
				TARGETED_DEVICE_FAMILY = "1,2";
			};
			name = Debug;
		};
		FC30E38A2A73A52700ADB894 /* Release */ = {
			isa = XCBuildConfiguration;
			buildSettings = {
				ASSETCATALOG_COMPILER_APPICON_NAME = AppIcon;
				ASSETCATALOG_COMPILER_GLOBAL_ACCENT_COLOR_NAME = AccentColor;
				CODE_SIGN_STYLE = Automatic;
				CURRENT_PROJECT_VERSION = 1;
				DEVELOPMENT_TEAM = X936JFD293;
				GENERATE_INFOPLIST_FILE = YES;
				INFOPLIST_FILE = MultipeerARGame/Info.plist;
				INFOPLIST_KEY_NSCameraUsageDescription = "";
				INFOPLIST_KEY_NSLocalNetworkUsageDescription = "";
				INFOPLIST_KEY_UIApplicationSupportsIndirectInputEvents = YES;
				INFOPLIST_KEY_UILaunchStoryboardName = LaunchScreen;
				INFOPLIST_KEY_UIMainStoryboardFile = Main;
				INFOPLIST_KEY_UIRequiredDeviceCapabilities = arkit;
				INFOPLIST_KEY_UIStatusBarHidden = YES;
				INFOPLIST_KEY_UISupportedInterfaceOrientations_iPad = "UIInterfaceOrientationPortrait UIInterfaceOrientationPortraitUpsideDown UIInterfaceOrientationLandscapeLeft UIInterfaceOrientationLandscapeRight";
				INFOPLIST_KEY_UISupportedInterfaceOrientations_iPhone = "UIInterfaceOrientationPortrait UIInterfaceOrientationLandscapeLeft UIInterfaceOrientationLandscapeRight";
				LD_RUNPATH_SEARCH_PATHS = (
					"$(inherited)",
					"@executable_path/Frameworks",
				);
				MARKETING_VERSION = 1.0;
				PRODUCT_BUNDLE_IDENTIFIER = Michael.MultipeerARGame;
				PRODUCT_NAME = "$(TARGET_NAME)";
				SWIFT_EMIT_LOC_STRINGS = YES;
				SWIFT_VERSION = 5.0;
				TARGETED_DEVICE_FAMILY = "1,2";
			};
			name = Release;
		};
/* End XCBuildConfiguration section */

/* Begin XCConfigurationList section */
		FC30E3702A73A52600ADB894 /* Build configuration list for PBXProject "MultipeerARGame" */ = {
			isa = XCConfigurationList;
			buildConfigurations = (
				FC30E3862A73A52700ADB894 /* Debug */,
				FC30E3872A73A52700ADB894 /* Release */,
			);
			defaultConfigurationIsVisible = 0;
			defaultConfigurationName = Release;
		};
		FC30E3882A73A52700ADB894 /* Build configuration list for PBXNativeTarget "MultipeerARGame" */ = {
			isa = XCConfigurationList;
			buildConfigurations = (
				FC30E3892A73A52700ADB894 /* Debug */,
				FC30E38A2A73A52700ADB894 /* Release */,
			);
			defaultConfigurationIsVisible = 0;
			defaultConfigurationName = Release;
		};
/* End XCConfigurationList section */

/* Begin XCRemoteSwiftPackageReference section */
		FC30E38D2A73B35200ADB894 /* XCRemoteSwiftPackageReference "multipeer-session" */ = {
			isa = XCRemoteSwiftPackageReference;
			repositoryURL = "https://github.com/RyanKopinskyLLC/multipeer-session";
			requirement = {
				kind = upToNextMajorVersion;
				minimumVersion = 1.0.0;
			};
		};
/* End XCRemoteSwiftPackageReference section */

/* Begin XCSwiftPackageProductDependency section */
		FC30E38E2A73B35200ADB894 /* MultipeerSession */ = {
			isa = XCSwiftPackageProductDependency;
			package = FC30E38D2A73B35200ADB894 /* XCRemoteSwiftPackageReference "multipeer-session" */;
			productName = MultipeerSession;
		};
/* End XCSwiftPackageProductDependency section */
	};
	rootObject = FC30E36D2A73A52600ADB894 /* Project object */;
}
